{
  "requires": true,
  "lockfileVersion": 1,
  "dependencies": {
    "emoji-regex": {
      "version": "8.0.0",
      "resolved": "https://registry.npmjs.org/emoji-regex/-/emoji-regex-8.0.0.tgz",
      "integrity": "sha512-MSjYzcWNOA0ewAHpz0MxpYFvwg6yjy1NG3xteoqz644VCo/RPgnr1/GGt+ic3iJTzQ8Eu3TdM14SawnVUmGE6A=="
    },
    "has-emoji": {
      "version": "1.1.0",
      "resolved": "https://registry.npmjs.org/has-emoji/-/has-emoji-1.1.0.tgz",
      "integrity": "sha512-5V4f0i0shdp6BzSE5WLBKh0EJky6wAo+b1pRS2Azm8cyJCekNxXhhAQJopYto3iMluh5rKD9n+vjQLZb7iR6+g==",
      "requires": {
        "emoji-regex": "^8.0.0"
      }
    },
    "highlight.js": {
      "version": "10.1.2",
      "resolved": "https://registry.npmjs.org/highlight.js/-/highlight.js-10.1.2.tgz",
      "integrity": "sha512-Q39v/Mn5mfBlMff9r+zzA+gWxRsCRKwEMvYTiisLr/XUiFI/4puWt0Ojdko3R3JCNWGdOWaA5g/Yxqa23kC5AA=="
    },
    "lodash.toarray": {
      "version": "4.4.0",
      "resolved": "https://registry.npmjs.org/lodash.toarray/-/lodash.toarray-4.4.0.tgz",
      "integrity": "sha1-JMS/zWsvuji/0FlNsRedjptlZWE="
    },
    "node-emoji": {
      "version": "1.10.0",
      "resolved": "https://registry.npmjs.org/node-emoji/-/node-emoji-1.10.0.tgz",
      "integrity": "sha512-Yt3384If5H6BYGVHiHwTL+99OzJKHhgp82S8/dktEK73T26BazdgZ4JZh92xSVtGNJvz9UbXdNAc5hcrXV42vw==",
      "requires": {
        "lodash.toarray": "^4.4.0"
      }
    }
  }
}
